// !$*UTF8*$!
{
	archiveVersion = 1;
	classes = {
	};
	objectVersion = 48;
	objects = {

/* Begin PBXBuildFile section */
		4CAD30C66B027BDA54CDEFDB /* Pods_UIViewInteractiveAnimations.framework in Frameworks */ = {isa = PBXBuildFile; fileRef = C6A45BB78B09FD7A1EB51126 /* Pods_UIViewInteractiveAnimations.framework */; };
		6D580D451EEC8C3800F3E7C3 /* InteruptiveAnimationView.swift in Sources */ = {isa = PBXBuildFile; fileRef = 6D580D441EEC8C3800F3E7C3 /* InteruptiveAnimationView.swift */; };
		6DD99AC01EEC63BA000886F9 /* BasedViewAnimation.xib in Resources */ = {isa = PBXBuildFile; fileRef = 6DD99ABF1EEC63BA000886F9 /* BasedViewAnimation.xib */; };
		6DD99AC21EEC660D000886F9 /* BasedViewAnimation.swift in Sources */ = {isa = PBXBuildFile; fileRef = 6DD99AC11EEC660D000886F9 /* BasedViewAnimation.swift */; };
		6DD99AC41EEC669B000886F9 /* SimpleAnimationView.swift in Sources */ = {isa = PBXBuildFile; fileRef = 6DD99AC31EEC669B000886F9 /* SimpleAnimationView.swift */; };
		6DD99AC61EEC69CE000886F9 /* CustomTimingAnimateView.swift in Sources */ = {isa = PBXBuildFile; fileRef = 6DD99AC51EEC69CE000886F9 /* CustomTimingAnimateView.swift */; };
		6DD99AC81EEC6A15000886F9 /* InteractiveAnimateView.swift in Sources */ = {isa = PBXBuildFile; fileRef = 6DD99AC71EEC6A15000886F9 /* InteractiveAnimateView.swift */; };
		6DE583C61EEC557F00E77A55 /* AppDelegate.swift in Sources */ = {isa = PBXBuildFile; fileRef = 6DE583C51EEC557F00E77A55 /* AppDelegate.swift */; };
		6DE583C81EEC557F00E77A55 /* ViewController.swift in Sources */ = {isa = PBXBuildFile; fileRef = 6DE583C71EEC557F00E77A55 /* ViewController.swift */; };
		6DE583CB1EEC557F00E77A55 /* Main.storyboard in Resources */ = {isa = PBXBuildFile; fileRef = 6DE583C91EEC557F00E77A55 /* Main.storyboard */; };
		6DE583CD1EEC557F00E77A55 /* Assets.xcassets in Resources */ = {isa = PBXBuildFile; fileRef = 6DE583CC1EEC557F00E77A55 /* Assets.xcassets */; };
		6DE583D01EEC557F00E77A55 /* LaunchScreen.storyboard in Resources */ = {isa = PBXBuildFile; fileRef = 6DE583CE1EEC557F00E77A55 /* LaunchScreen.storyboard */; };
/* End PBXBuildFile section */

/* Begin PBXFileReference section */
		6D580D441EEC8C3800F3E7C3 /* InteruptiveAnimationView.swift */ = {isa = PBXFileReference; lastKnownFileType = sourcecode.swift; path = InteruptiveAnimationView.swift; sourceTree = "<group>"; };
		6DD99ABF1EEC63BA000886F9 /* BasedViewAnimation.xib */ = {isa = PBXFileReference; lastKnownFileType = file.xib; path = BasedViewAnimation.xib; sourceTree = "<group>"; };
		6DD99AC11EEC660D000886F9 /* BasedViewAnimation.swift */ = {isa = PBXFileReference; lastKnownFileType = sourcecode.swift; path = BasedViewAnimation.swift; sourceTree = "<group>"; };
		6DD99AC31EEC669B000886F9 /* SimpleAnimationView.swift */ = {isa = PBXFileReference; lastKnownFileType = sourcecode.swift; path = SimpleAnimationView.swift; sourceTree = "<group>"; };
		6DD99AC51EEC69CE000886F9 /* CustomTimingAnimateView.swift */ = {isa = PBXFileReference; lastKnownFileType = sourcecode.swift; path = CustomTimingAnimateView.swift; sourceTree = "<group>"; };
		6DD99AC71EEC6A15000886F9 /* InteractiveAnimateView.swift */ = {isa = PBXFileReference; lastKnownFileType = sourcecode.swift; path = InteractiveAnimateView.swift; sourceTree = "<group>"; };
		6DE583C21EEC557F00E77A55 /* UIViewInteractiveAnimations.app */ = {isa = PBXFileReference; explicitFileType = wrapper.application; includeInIndex = 0; path = UIViewInteractiveAnimations.app; sourceTree = BUILT_PRODUCTS_DIR; };
		6DE583C51EEC557F00E77A55 /* AppDelegate.swift */ = {isa = PBXFileReference; lastKnownFileType = sourcecode.swift; path = AppDelegate.swift; sourceTree = "<group>"; };
		6DE583C71EEC557F00E77A55 /* ViewController.swift */ = {isa = PBXFileReference; lastKnownFileType = sourcecode.swift; path = ViewController.swift; sourceTree = "<group>"; };
		6DE583CA1EEC557F00E77A55 /* Base */ = {isa = PBXFileReference; lastKnownFileType = file.storyboard; name = Base; path = Base.lproj/Main.storyboard; sourceTree = "<group>"; };
		6DE583CC1EEC557F00E77A55 /* Assets.xcassets */ = {isa = PBXFileReference; lastKnownFileType = folder.assetcatalog; path = Assets.xcassets; sourceTree = "<group>"; };
		6DE583CF1EEC557F00E77A55 /* Base */ = {isa = PBXFileReference; lastKnownFileType = file.storyboard; name = Base; path = Base.lproj/LaunchScreen.storyboard; sourceTree = "<group>"; };
		6DE583D11EEC557F00E77A55 /* Info.plist */ = {isa = PBXFileReference; lastKnownFileType = text.plist.xml; path = Info.plist; sourceTree = "<group>"; };
		BB63EE4758E80BA25D8D9E58 /* Pods-UIViewInteractiveAnimations.release.xcconfig */ = {isa = PBXFileReference; includeInIndex = 1; lastKnownFileType = text.xcconfig; name = "Pods-UIViewInteractiveAnimations.release.xcconfig"; path = "Pods/Target Support Files/Pods-UIViewInteractiveAnimations/Pods-UIViewInteractiveAnimations.release.xcconfig"; sourceTree = "<group>"; };
		BFFB7F886E81E6FA66608F29 /* Pods-UIViewInteractiveAnimations.debug.xcconfig */ = {isa = PBXFileReference; includeInIndex = 1; lastKnownFileType = text.xcconfig; name = "Pods-UIViewInteractiveAnimations.debug.xcconfig"; path = "Pods/Target Support Files/Pods-UIViewInteractiveAnimations/Pods-UIViewInteractiveAnimations.debug.xcconfig"; sourceTree = "<group>"; };
		C6A45BB78B09FD7A1EB51126 /* Pods_UIViewInteractiveAnimations.framework */ = {isa = PBXFileReference; explicitFileType = wrapper.framework; includeInIndex = 0; path = Pods_UIViewInteractiveAnimations.framework; sourceTree = BUILT_PRODUCTS_DIR; };
/* End PBXFileReference section */

/* Begin PBXFrameworksBuildPhase section */
		6DE583BF1EEC557F00E77A55 /* Frameworks */ = {
			isa = PBXFrameworksBuildPhase;
			buildActionMask = 2147483647;
			files = (
				4CAD30C66B027BDA54CDEFDB /* Pods_UIViewInteractiveAnimations.framework in Frameworks */,
			);
			runOnlyForDeploymentPostprocessing = 0;
		};
/* End PBXFrameworksBuildPhase section */

/* Begin PBXGroup section */
		6DE583B91EEC557E00E77A55 = {
			isa = PBXGroup;
			children = (
				6DE583C41EEC557F00E77A55 /* UIViewInteractiveAnimations */,
				6DE583C31EEC557F00E77A55 /* Products */,
				F54EF876BC2445724C5F5538 /* Pods */,
				E89D097DC937181B71DFDD8D /* Frameworks */,
			);
			sourceTree = "<group>";
		};
		6DE583C31EEC557F00E77A55 /* Products */ = {
			isa = PBXGroup;
			children = (
				6DE583C21EEC557F00E77A55 /* UIViewInteractiveAnimations.app */,
			);
			name = Products;
			sourceTree = "<group>";
		};
		6DE583C41EEC557F00E77A55 /* UIViewInteractiveAnimations */ = {
			isa = PBXGroup;
			children = (
				6DE583C51EEC557F00E77A55 /* AppDelegate.swift */,
				6DE583C71EEC557F00E77A55 /* ViewController.swift */,
				6DE583C91EEC557F00E77A55 /* Main.storyboard */,
				6DE583CC1EEC557F00E77A55 /* Assets.xcassets */,
				6DE583CE1EEC557F00E77A55 /* LaunchScreen.storyboard */,
				6DE583D11EEC557F00E77A55 /* Info.plist */,
				6DD99ABF1EEC63BA000886F9 /* BasedViewAnimation.xib */,
				6DD99AC11EEC660D000886F9 /* BasedViewAnimation.swift */,
				6DD99AC31EEC669B000886F9 /* SimpleAnimationView.swift */,
				6DD99AC51EEC69CE000886F9 /* CustomTimingAnimateView.swift */,
				6DD99AC71EEC6A15000886F9 /* InteractiveAnimateView.swift */,
				6D580D441EEC8C3800F3E7C3 /* InteruptiveAnimationView.swift */,
			);
			path = UIViewInteractiveAnimations;
			sourceTree = "<group>";
		};
		E89D097DC937181B71DFDD8D /* Frameworks */ = {
			isa = PBXGroup;
			children = (
				C6A45BB78B09FD7A1EB51126 /* Pods_UIViewInteractiveAnimations.framework */,
			);
			name = Frameworks;
			sourceTree = "<group>";
		};
		F54EF876BC2445724C5F5538 /* Pods */ = {
			isa = PBXGroup;
			children = (
				BFFB7F886E81E6FA66608F29 /* Pods-UIViewInteractiveAnimations.debug.xcconfig */,
				BB63EE4758E80BA25D8D9E58 /* Pods-UIViewInteractiveAnimations.release.xcconfig */,
			);
			name = Pods;
			sourceTree = "<group>";
		};
/* End PBXGroup section */

/* Begin PBXNativeTarget section */
		6DE583C11EEC557F00E77A55 /* UIViewInteractiveAnimations */ = {
			isa = PBXNativeTarget;
			buildConfigurationList = 6DE583D41EEC557F00E77A55 /* Build configuration list for PBXNativeTarget "UIViewInteractiveAnimations" */;
			buildPhases = (
				0D08AA9C21361AF37C80CE89 /* [CP] Check Pods Manifest.lock */,
				6DE583BE1EEC557F00E77A55 /* Sources */,
				6DE583BF1EEC557F00E77A55 /* Frameworks */,
				6DE583C01EEC557F00E77A55 /* Resources */,
				C15D0F518EC8955F3170274C /* [CP] Embed Pods Frameworks */,
				376BF59C86D055A58D68660F /* [CP] Copy Pods Resources */,
			);
			buildRules = (
			);
			dependencies = (
			);
			name = UIViewInteractiveAnimations;
			productName = UIViewInteractiveAnimations;
			productReference = 6DE583C21EEC557F00E77A55 /* UIViewInteractiveAnimations.app */;
			productType = "com.apple.product-type.application";
		};
/* End PBXNativeTarget section */

/* Begin PBXProject section */
		6DE583BA1EEC557E00E77A55 /* Project object */ = {
			isa = PBXProject;
			attributes = {
				LastSwiftUpdateCheck = 0900;
				LastUpgradeCheck = 0900;
				ORGANIZATIONNAME = Niji;
				TargetAttributes = {
					6DE583C11EEC557F00E77A55 = {
						CreatedOnToolsVersion = 9.0;
					};
				};
			};
			buildConfigurationList = 6DE583BD1EEC557E00E77A55 /* Build configuration list for PBXProject "UIViewInteractiveAnimations" */;
			compatibilityVersion = "Xcode 8.0";
			developmentRegion = en;
			hasScannedForEncodings = 0;
			knownRegions = (
				en,
				Base,
			);
			mainGroup = 6DE583B91EEC557E00E77A55;
			productRefGroup = 6DE583C31EEC557F00E77A55 /* Products */;
			projectDirPath = "";
			projectRoot = "";
			targets = (
				6DE583C11EEC557F00E77A55 /* UIViewInteractiveAnimations */,
			);
		};
/* End PBXProject section */

/* Begin PBXResourcesBuildPhase section */
		6DE583C01EEC557F00E77A55 /* Resources */ = {
			isa = PBXResourcesBuildPhase;
			buildActionMask = 2147483647;
			files = (
				6DE583D01EEC557F00E77A55 /* LaunchScreen.storyboard in Resources */,
				6DE583CD1EEC557F00E77A55 /* Assets.xcassets in Resources */,
				6DD99AC01EEC63BA000886F9 /* BasedViewAnimation.xib in Resources */,
				6DE583CB1EEC557F00E77A55 /* Main.storyboard in Resources */,
			);
			runOnlyForDeploymentPostprocessing = 0;
		};
/* End PBXResourcesBuildPhase section */

/* Begin PBXShellScriptBuildPhase section */
		0D08AA9C21361AF37C80CE89 /* [CP] Check Pods Manifest.lock */ = {
			isa = PBXShellScriptBuildPhase;
			buildActionMask = 2147483647;
			files = (
			);
			inputPaths = (
			);
			name = "[CP] Check Pods Manifest.lock";
			outputPaths = (
			);
			runOnlyForDeploymentPostprocessing = 0;
			shellPath = /bin/sh;
			shellScript = "diff \"${PODS_PODFILE_DIR_PATH}/Podfile.lock\" \"${PODS_ROOT}/Manifest.lock\" > /dev/null\nif [ $? != 0 ] ; then\n    # print error to STDERR\n    echo \"error: The sandbox is not in sync with the Podfile.lock. Run 'pod install' or update your CocoaPods installation.\" >&2\n    exit 1\nfi\n";
			showEnvVarsInLog = 0;
		};
		376BF59C86D055A58D68660F /* [CP] Copy Pods Resources */ = {
			isa = PBXShellScriptBuildPhase;
			buildActionMask = 2147483647;
			files = (
			);
			inputPaths = (
			);
			name = "[CP] Copy Pods Resources";
			outputPaths = (
			);
			runOnlyForDeploymentPostprocessing = 0;
			shellPath = /bin/sh;
			shellScript = "\"${SRCROOT}/Pods/Target Support Files/Pods-UIViewInteractiveAnimations/Pods-UIViewInteractiveAnimations-resources.sh\"\n";
			showEnvVarsInLog = 0;
		};
		C15D0F518EC8955F3170274C /* [CP] Embed Pods Frameworks */ = {
			isa = PBXShellScriptBuildPhase;
			buildActionMask = 2147483647;
			files = (
			);
			inputPaths = (
			);
			name = "[CP] Embed Pods Frameworks";
			outputPaths = (
			);
			runOnlyForDeploymentPostprocessing = 0;
			shellPath = /bin/sh;
			shellScript = "\"${SRCROOT}/Pods/Target Support Files/Pods-UIViewInteractiveAnimations/Pods-UIViewInteractiveAnimations-frameworks.sh\"\n";
			showEnvVarsInLog = 0;
		};
/* End PBXShellScriptBuildPhase section */

/* Begin PBXSourcesBuildPhase section */
		6DE583BE1EEC557F00E77A55 /* Sources */ = {
			isa = PBXSourcesBuildPhase;
			buildActionMask = 2147483647;
			files = (
				6DD99AC21EEC660D000886F9 /* BasedViewAnimation.swift in Sources */,
				6DD99AC81EEC6A15000886F9 /* InteractiveAnimateView.swift in Sources */,
				6DD99AC41EEC669B000886F9 /* SimpleAnimationView.swift in Sources */,
				6DD99AC61EEC69CE000886F9 /* CustomTimingAnimateView.swift in Sources */,
				6DE583C81EEC557F00E77A55 /* ViewController.swift in Sources */,
				6D580D451EEC8C3800F3E7C3 /* InteruptiveAnimationView.swift in Sources */,
				6DE583C61EEC557F00E77A55 /* AppDelegate.swift in Sources */,
			);
			runOnlyForDeploymentPostprocessing = 0;
		};
/* End PBXSourcesBuildPhase section */

/* Begin PBXVariantGroup section */
		6DE583C91EEC557F00E77A55 /* Main.storyboard */ = {
			isa = PBXVariantGroup;
			children = (
				6DE583CA1EEC557F00E77A55 /* Base */,
			);
			name = Main.storyboard;
			sourceTree = "<group>";
		};
		6DE583CE1EEC557F00E77A55 /* LaunchScreen.storyboard */ = {
			isa = PBXVariantGroup;
			children = (
				6DE583CF1EEC557F00E77A55 /* Base */,
			);
			name = LaunchScreen.storyboard;
			sourceTree = "<group>";
		};
/* End PBXVariantGroup section */

/* Begin XCBuildConfiguration section */
		6DE583D21EEC557F00E77A55 /* Debug */ = {
			isa = XCBuildConfiguration;
			buildSettings = {
				ALWAYS_SEARCH_USER_PATHS = NO;
				CLANG_ANALYZER_NONNULL = YES;
				CLANG_ANALYZER_NUMBER_OBJECT_CONVERSION = YES_AGGRESSIVE;
				CLANG_CXX_LANGUAGE_STANDARD = "gnu++14";
				CLANG_CXX_LIBRARY = "libc++";
				CLANG_ENABLE_MODULES = YES;
				CLANG_ENABLE_OBJC_ARC = YES;
				CLANG_WARN_BLOCK_CAPTURE_AUTORELEASING = YES;
				CLANG_WARN_BOOL_CONVERSION = YES;
				CLANG_WARN_COMMA = YES;
				CLANG_WARN_CONSTANT_CONVERSION = YES;
				CLANG_WARN_DIRECT_OBJC_ISA_USAGE = YES_ERROR;
				CLANG_WARN_DOCUMENTATION_COMMENTS = YES;
				CLANG_WARN_EMPTY_BODY = YES;
				CLANG_WARN_ENUM_CONVERSION = YES;
				CLANG_WARN_INFINITE_RECURSION = YES;
				CLANG_WARN_INT_CONVERSION = YES;
				CLANG_WARN_OBJC_ROOT_CLASS = YES_ERROR;
				CLANG_WARN_RANGE_LOOP_ANALYSIS = YES;
				CLANG_WARN_STRICT_PROTOTYPES = YES;
				CLANG_WARN_SUSPICIOUS_MOVE = YES;
				CLANG_WARN_UNGUARDED_AVAILABILITY = YES_AGGRESSIVE;
				CLANG_WARN_UNREACHABLE_CODE = YES;
				CLANG_WARN__DUPLICATE_METHOD_MATCH = YES;
				CODE_SIGN_IDENTITY = "iPhone Developer";
				COPY_PHASE_STRIP = NO;
				DEBUG_INFORMATION_FORMAT = dwarf;
				ENABLE_STRICT_OBJC_MSGSEND = YES;
				ENABLE_TESTABILITY = YES;
				GCC_C_LANGUAGE_STANDARD = gnu11;
				GCC_DYNAMIC_NO_PIC = NO;
				GCC_NO_COMMON_BLOCKS = YES;
				GCC_OPTIMIZATION_LEVEL = 0;
				GCC_PREPROCESSOR_DEFINITIONS = (
					"DEBUG=1",
					"$(inherited)",
				);
				GCC_WARN_64_TO_32_BIT_CONVERSION = YES;
				GCC_WARN_ABOUT_RETURN_TYPE = YES_ERROR;
				GCC_WARN_UNDECLARED_SELECTOR = YES;
				GCC_WARN_UNINITIALIZED_AUTOS = YES_AGGRESSIVE;
				GCC_WARN_UNUSED_FUNCTION = YES;
				GCC_WARN_UNUSED_VARIABLE = YES;
				IPHONEOS_DEPLOYMENT_TARGET = 11.0;
				MTL_ENABLE_DEBUG_INFO = YES;
				ONLY_ACTIVE_ARCH = YES;
				SDKROOT = iphoneos;
				SWIFT_ACTIVE_COMPILATION_CONDITIONS = DEBUG;
				SWIFT_OPTIMIZATION_LEVEL = "-Onone";
			};
			name = Debug;
		};
		6DE583D31EEC557F00E77A55 /* Release */ = {
			isa = XCBuildConfiguration;
			buildSettings = {
				ALWAYS_SEARCH_USER_PATHS = NO;
				CLANG_ANALYZER_NONNULL = YES;
				CLANG_ANALYZER_NUMBER_OBJECT_CONVERSION = YES_AGGRESSIVE;
				CLANG_CXX_LANGUAGE_STANDARD = "gnu++14";
				CLANG_CXX_LIBRARY = "libc++";
				CLANG_ENABLE_MODULES = YES;
				CLANG_ENABLE_OBJC_ARC = YES;
				CLANG_WARN_BLOCK_CAPTURE_AUTORELEASING = YES;
				CLANG_WARN_BOOL_CONVERSION = YES;
				CLANG_WARN_COMMA = YES;
				CLANG_WARN_CONSTANT_CONVERSION = YES;
				CLANG_WARN_DIRECT_OBJC_ISA_USAGE = YES_ERROR;
				CLANG_WARN_DOCUMENTATION_COMMENTS = YES;
				CLANG_WARN_EMPTY_BODY = YES;
				CLANG_WARN_ENUM_CONVERSION = YES;
				CLANG_WARN_INFINITE_RECURSION = YES;
				CLANG_WARN_INT_CONVERSION = YES;
				CLANG_WARN_OBJC_ROOT_CLASS = YES_ERROR;
				CLANG_WARN_RANGE_LOOP_ANALYSIS = YES;
				CLANG_WARN_STRICT_PROTOTYPES = YES;
				CLANG_WARN_SUSPICIOUS_MOVE = YES;
				CLANG_WARN_UNGUARDED_AVAILABILITY = YES_AGGRESSIVE;
				CLANG_WARN_UNREACHABLE_CODE = YES;
				CLANG_WARN__DUPLICATE_METHOD_MATCH = YES;
				CODE_SIGN_IDENTITY = "iPhone Developer";
				COPY_PHASE_STRIP = NO;
				DEBUG_INFORMATION_FORMAT = "dwarf-with-dsym";
				ENABLE_NS_ASSERTIONS = NO;
				ENABLE_STRICT_OBJC_MSGSEND = YES;
				GCC_C_LANGUAGE_STANDARD = gnu11;
				GCC_NO_COMMON_BLOCKS = YES;
				GCC_WARN_64_TO_32_BIT_CONVERSION = YES;
				GCC_WARN_ABOUT_RETURN_TYPE = YES_ERROR;
				GCC_WARN_UNDECLARED_SELECTOR = YES;
				GCC_WARN_UNINITIALIZED_AUTOS = YES_AGGRESSIVE;
				GCC_WARN_UNUSED_FUNCTION = YES;
				GCC_WARN_UNUSED_VARIABLE = YES;
				IPHONEOS_DEPLOYMENT_TARGET = 11.0;
				MTL_ENABLE_DEBUG_INFO = NO;
				SDKROOT = iphoneos;
				SWIFT_OPTIMIZATION_LEVEL = "-Owholemodule";
				VALIDATE_PRODUCT = YES;
			};
			name = Release;
		};
		6DE583D51EEC557F00E77A55 /* Debug */ = {
			isa = XCBuildConfiguration;
			baseConfigurationReference = BFFB7F886E81E6FA66608F29 /* Pods-UIViewInteractiveAnimations.debug.xcconfig */;
			buildSettings = {
				ASSETCATALOG_COMPILER_APPICON_NAME = AppIcon;
				DEVELOPMENT_TEAM = C8NWXKTJBC;
				INFOPLIST_FILE = UIViewInteractiveAnimations/Info.plist;
				IPHONEOS_DEPLOYMENT_TARGET = 11.0;
				LD_RUNPATH_SEARCH_PATHS = "$(inherited) @executable_path/Frameworks";
				PRODUCT_BUNDLE_IDENTIFIER = fr.watremez.UIViewInteractiveAnimations;
				PRODUCT_NAME = "$(TARGET_NAME)";
				SWIFT_VERSION = 4.0;
				TARGETED_DEVICE_FAMILY = "1,2";
			};
			name = Debug;
		};
		6DE583D61EEC557F00E77A55 /* Release */ = {
			isa = XCBuildConfiguration;
			baseConfigurationReference = BB63EE4758E80BA25D8D9E58 /* Pods-UIViewInteractiveAnimations.release.xcconfig */;
			buildSettings = {
				ASSETCATALOG_COMPILER_APPICON_NAME = AppIcon;
				DEVELOPMENT_TEAM = C8NWXKTJBC;
				INFOPLIST_FILE = UIViewInteractiveAnimations/Info.plist;
				IPHONEOS_DEPLOYMENT_TARGET = 11.0;
				LD_RUNPATH_SEARCH_PATHS = "$(inherited) @executable_path/Frameworks";
				PRODUCT_BUNDLE_IDENTIFIER = fr.watremez.UIViewInteractiveAnimations;
				PRODUCT_NAME = "$(TARGET_NAME)";
				SWIFT_VERSION = 4.0;
				TARGETED_DEVICE_FAMILY = "1,2";
			};
			name = Release;
		};
/* End XCBuildConfiguration section */

/* Begin XCConfigurationList section */
		6DE583BD1EEC557E00E77A55 /* Build configuration list for PBXProject "UIViewInteractiveAnimations" */ = {
			isa = XCConfigurationList;
			buildConfigurations = (
				6DE583D21EEC557F00E77A55 /* Debug */,
				6DE583D31EEC557F00E77A55 /* Release */,
			);
			defaultConfigurationIsVisible = 0;
			defaultConfigurationName = Release;
		};
		6DE583D41EEC557F00E77A55 /* Build configuration list for PBXNativeTarget "UIViewInteractiveAnimations" */ = {
			isa = XCConfigurationList;
			buildConfigurations = (
				6DE583D51EEC557F00E77A55 /* Debug */,
				6DE583D61EEC557F00E77A55 /* Release */,
			);
			defaultConfigurationIsVisible = 0;
			defaultConfigurationName = Release;
		};
/* End XCConfigurationList section */
	};
	rootObject = 6DE583BA1EEC557E00E77A55 /* Project object */;
}
